
Microsoft Visual Studio Solution File, Format Version 12.00
# Visual Studio Version 16
VisualStudioVersion = 16.0.30611.23
MinimumVisualStudioVersion = 15.0.26124.0
Project("{FAE04EC0-301F-11D3-BF4B-00C04F79EFBC}") = "Proba9.Objects", "Objects/Proba9.Objects.csproj", "d259c2a2-459e-4335-a475-0469288a1caf"
EndProject
Project("{FAE04EC0-301F-11D3-BF4B-00C04F79EFBC}") = "Proba9.Tests", "Tests/Proba9.Tests.csproj", "4b45a3b7-c261-4572-b712-9db24b0d7732"
EndProject
Project("{FAE04EC0-301F-11D3-BF4B-00C04F79EFBC}") = "Proba9.ODataBackend", "ODataBackend/Proba9.ODataBackend.csproj", "4c538491-c6a3-484a-8760-f5c3f899bfa4"
EndProject
Project("{FAE04EC0-301F-11D3-BF4B-00C04F79EFBC}") = "Proba9.IntegrationTests", "IntegrationTests/Proba9.IntegrationTests.csproj", "685e0fdf-1430-4481-88a3-9c75ddccecfa"
EndProject
Global
	GlobalSection(SolutionConfigurationPlatforms) = preSolution
Debug|Any CPU = Debug|Any CPU
Release|Any CPU = Release|Any CPU
	EndGlobalSection
	GlobalSection(ProjectConfigurationPlatforms) = postSolution
		d259c2a2-459e-4335-a475-0469288a1caf.Debug|Any CPU.ActiveCfg = Debug|Any CPU
		d259c2a2-459e-4335-a475-0469288a1caf.Debug|Any CPU.Build.0 = Debug|Any CPU
		d259c2a2-459e-4335-a475-0469288a1caf.Release|Any CPU.ActiveCfg = Release|Any CPU
		d259c2a2-459e-4335-a475-0469288a1caf.Release|Any CPU.Build.0 = Release|Any CPU
		4b45a3b7-c261-4572-b712-9db24b0d7732.Debug|Any CPU.ActiveCfg = Debug|Any CPU
		4b45a3b7-c261-4572-b712-9db24b0d7732.Debug|Any CPU.Build.0 = Debug|Any CPU
		4b45a3b7-c261-4572-b712-9db24b0d7732.Release|Any CPU.ActiveCfg = Release|Any CPU
		4b45a3b7-c261-4572-b712-9db24b0d7732.Release|Any CPU.Build.0 = Release|Any CPU
		4c538491-c6a3-484a-8760-f5c3f899bfa4.Debug|Any CPU.ActiveCfg = Debug|Any CPU
		4c538491-c6a3-484a-8760-f5c3f899bfa4.Debug|Any CPU.Build.0 = Debug|Any CPU
		4c538491-c6a3-484a-8760-f5c3f899bfa4.Release|Any CPU.ActiveCfg = Release|Any CPU
		4c538491-c6a3-484a-8760-f5c3f899bfa4.Release|Any CPU.Build.0 = Release|Any CPU
		685e0fdf-1430-4481-88a3-9c75ddccecfa.Debug|Any CPU.ActiveCfg = Debug|Any CPU
		685e0fdf-1430-4481-88a3-9c75ddccecfa.Debug|Any CPU.Build.0 = Debug|Any CPU
		685e0fdf-1430-4481-88a3-9c75ddccecfa.Release|Any CPU.ActiveCfg = Release|Any CPU
		685e0fdf-1430-4481-88a3-9c75ddccecfa.Release|Any CPU.Build.0 = Release|Any CPU
	EndGlobalSection
	GlobalSection(SolutionProperties) = preSolution
		HideSolutionNode = FALSE
	EndGlobalSection
EndGlobal
